// !$*UTF8*$!
{
	archiveVersion = 1;
	classes = {
	};
	objectVersion = 46;
	objects = {

/* Begin PBXBuildFile section */
		4C43D6E31F4BDEBF00F907FB /* CoreDataManager.swift in Sources */ = {isa = PBXBuildFile; fileRef = 4C43D6E21F4BDEBF00F907FB /* CoreDataManager.swift */; };
		4C43D6E51F4BDF7700F907FB /* RatingHistoryViewController.swift in Sources */ = {isa = PBXBuildFile; fileRef = 4C43D6E41F4BDF7700F907FB /* RatingHistoryViewController.swift */; };
		4C43D6E71F4BDFFE00F907FB /* RatingHistoryViewControllerViewModel.swift in Sources */ = {isa = PBXBuildFile; fileRef = 4C43D6E61F4BDFFE00F907FB /* RatingHistoryViewControllerViewModel.swift */; };
		4CA52BFD1F469EB1008A2B3C /* AppDelegate.swift in Sources */ = {isa = PBXBuildFile; fileRef = 4CA52BFC1F469EB1008A2B3C /* AppDelegate.swift */; };
		4CA52C021F469EB1008A2B3C /* Main.storyboard in Resources */ = {isa = PBXBuildFile; fileRef = 4CA52C001F469EB1008A2B3C /* Main.storyboard */; };
		4CA52C051F469EB1008A2B3C /* DayRater.xcdatamodeld in Sources */ = {isa = PBXBuildFile; fileRef = 4CA52C031F469EB1008A2B3C /* DayRater.xcdatamodeld */; };
		4CA52C071F469EB1008A2B3C /* Assets.xcassets in Resources */ = {isa = PBXBuildFile; fileRef = 4CA52C061F469EB1008A2B3C /* Assets.xcassets */; };
		4CA52C0A1F469EB1008A2B3C /* LaunchScreen.storyboard in Resources */ = {isa = PBXBuildFile; fileRef = 4CA52C081F469EB1008A2B3C /* LaunchScreen.storyboard */; };
		4CC993BE1F4C06BB00D74E72 /* RatingHistoryTableViewCell.swift in Sources */ = {isa = PBXBuildFile; fileRef = 4CC993BC1F4C06BB00D74E72 /* RatingHistoryTableViewCell.swift */; };
		4CC993BF1F4C06BB00D74E72 /* RatingHistoryTableViewCell.xib in Resources */ = {isa = PBXBuildFile; fileRef = 4CC993BD1F4C06BB00D74E72 /* RatingHistoryTableViewCell.xib */; };
		4CC993C11F4C09A100D74E72 /* RatingHistoryTableViewCellViewModel.swift in Sources */ = {isa = PBXBuildFile; fileRef = 4CC993C01F4C09A100D74E72 /* RatingHistoryTableViewCellViewModel.swift */; };
		4CC993CB1F4C0C3B00D74E72 /* Rating+CoreDataClass.swift in Sources */ = {isa = PBXBuildFile; fileRef = 4CC993C91F4C0C3B00D74E72 /* Rating+CoreDataClass.swift */; };
		4CC993CC1F4C0C3B00D74E72 /* Rating+CoreDataProperties.swift in Sources */ = {isa = PBXBuildFile; fileRef = 4CC993CA1F4C0C3B00D74E72 /* Rating+CoreDataProperties.swift */; };
		4CC993DA1F4C147E00D74E72 /* Rating+CoreDataFunctions.swift in Sources */ = {isa = PBXBuildFile; fileRef = 4CC993D91F4C147E00D74E72 /* Rating+CoreDataFunctions.swift */; };
/* End PBXBuildFile section */

/* Begin PBXFileReference section */
		4C43D6E21F4BDEBF00F907FB /* CoreDataManager.swift */ = {isa = PBXFileReference; lastKnownFileType = sourcecode.swift; path = CoreDataManager.swift; sourceTree = "<group>"; };
		4C43D6E41F4BDF7700F907FB /* RatingHistoryViewController.swift */ = {isa = PBXFileReference; lastKnownFileType = sourcecode.swift; path = RatingHistoryViewController.swift; sourceTree = "<group>"; };
		4C43D6E61F4BDFFE00F907FB /* RatingHistoryViewControllerViewModel.swift */ = {isa = PBXFileReference; lastKnownFileType = sourcecode.swift; path = RatingHistoryViewControllerViewModel.swift; sourceTree = "<group>"; };
		4C43D6EA1F4BE42300F907FB /* ReactiveSwift.framework */ = {isa = PBXFileReference; lastKnownFileType = wrapper.framework; name = ReactiveSwift.framework; path = Carthage/Build/iOS/ReactiveSwift.framework; sourceTree = SOURCE_ROOT; };
		4C43D6EB1F4BE42300F907FB /* Result.framework */ = {isa = PBXFileReference; lastKnownFileType = wrapper.framework; name = Result.framework; path = Carthage/Build/iOS/Result.framework; sourceTree = SOURCE_ROOT; };
		4C43D6EC1F4BE42300F907FB /* ReactiveCocoa.framework */ = {isa = PBXFileReference; lastKnownFileType = wrapper.framework; name = ReactiveCocoa.framework; path = Carthage/Build/iOS/ReactiveCocoa.framework; sourceTree = SOURCE_ROOT; };
		4CA52BF91F469EB1008A2B3C /* DayRater.app */ = {isa = PBXFileReference; explicitFileType = wrapper.application; includeInIndex = 0; path = DayRater.app; sourceTree = BUILT_PRODUCTS_DIR; };
		4CA52BFC1F469EB1008A2B3C /* AppDelegate.swift */ = {isa = PBXFileReference; lastKnownFileType = sourcecode.swift; path = AppDelegate.swift; sourceTree = "<group>"; };
		4CA52C011F469EB1008A2B3C /* Base */ = {isa = PBXFileReference; lastKnownFileType = file.storyboard; name = Base; path = Base.lproj/Main.storyboard; sourceTree = "<group>"; };
		4CA52C041F469EB1008A2B3C /* DayRater.xcdatamodel */ = {isa = PBXFileReference; lastKnownFileType = wrapper.xcdatamodel; path = DayRater.xcdatamodel; sourceTree = "<group>"; };
		4CA52C061F469EB1008A2B3C /* Assets.xcassets */ = {isa = PBXFileReference; lastKnownFileType = folder.assetcatalog; path = Assets.xcassets; sourceTree = "<group>"; };
		4CA52C091F469EB1008A2B3C /* Base */ = {isa = PBXFileReference; lastKnownFileType = file.storyboard; name = Base; path = Base.lproj/LaunchScreen.storyboard; sourceTree = "<group>"; };
		4CA52C0B1F469EB1008A2B3C /* Info.plist */ = {isa = PBXFileReference; lastKnownFileType = text.plist.xml; path = Info.plist; sourceTree = "<group>"; };
		4CC993BC1F4C06BB00D74E72 /* RatingHistoryTableViewCell.swift */ = {isa = PBXFileReference; lastKnownFileType = sourcecode.swift; path = RatingHistoryTableViewCell.swift; sourceTree = "<group>"; };
		4CC993BD1F4C06BB00D74E72 /* RatingHistoryTableViewCell.xib */ = {isa = PBXFileReference; lastKnownFileType = file.xib; path = RatingHistoryTableViewCell.xib; sourceTree = "<group>"; };
		4CC993C01F4C09A100D74E72 /* RatingHistoryTableViewCellViewModel.swift */ = {isa = PBXFileReference; lastKnownFileType = sourcecode.swift; path = RatingHistoryTableViewCellViewModel.swift; sourceTree = "<group>"; };
		4CC993C91F4C0C3B00D74E72 /* Rating+CoreDataClass.swift */ = {isa = PBXFileReference; lastKnownFileType = sourcecode.swift; path = "Rating+CoreDataClass.swift"; sourceTree = "<group>"; };
		4CC993CA1F4C0C3B00D74E72 /* Rating+CoreDataProperties.swift */ = {isa = PBXFileReference; lastKnownFileType = sourcecode.swift; path = "Rating+CoreDataProperties.swift"; sourceTree = "<group>"; };
		4CC993D91F4C147E00D74E72 /* Rating+CoreDataFunctions.swift */ = {isa = PBXFileReference; lastKnownFileType = sourcecode.swift; path = "Rating+CoreDataFunctions.swift"; sourceTree = "<group>"; };
/* End PBXFileReference section */

/* Begin PBXFrameworksBuildPhase section */
		4CA52BF61F469EB1008A2B3C /* Frameworks */ = {
			isa = PBXFrameworksBuildPhase;
			buildActionMask = 2147483647;
			files = (
			);
			runOnlyForDeploymentPostprocessing = 0;
		};
/* End PBXFrameworksBuildPhase section */

/* Begin PBXGroup section */
		4C43D6E91F4BE41100F907FB /* Frameworks */ = {
			isa = PBXGroup;
			children = (
				4C43D6EC1F4BE42300F907FB /* ReactiveCocoa.framework */,
				4C43D6EA1F4BE42300F907FB /* ReactiveSwift.framework */,
				4C43D6EB1F4BE42300F907FB /* Result.framework */,
			);
			path = Frameworks;
			sourceTree = "<group>";
		};
		4CA52BF01F469EB1008A2B3C = {
			isa = PBXGroup;
			children = (
				4CA52BFB1F469EB1008A2B3C /* DayRater */,
				4CA52BFA1F469EB1008A2B3C /* Products */,
			);
			sourceTree = "<group>";
		};
		4CA52BFA1F469EB1008A2B3C /* Products */ = {
			isa = PBXGroup;
			children = (
				4CA52BF91F469EB1008A2B3C /* DayRater.app */,
			);
			name = Products;
			sourceTree = "<group>";
		};
		4CA52BFB1F469EB1008A2B3C /* DayRater */ = {
			isa = PBXGroup;
			children = (
				4CA52BFC1F469EB1008A2B3C /* AppDelegate.swift */,
				4C43D6E21F4BDEBF00F907FB /* CoreDataManager.swift */,
				4CC993DB1F4C16CA00D74E72 /* RatingHistoryViewController */,
				4CA52C001F469EB1008A2B3C /* Main.storyboard */,
				4CA52C061F469EB1008A2B3C /* Assets.xcassets */,
				4CA52C081F469EB1008A2B3C /* LaunchScreen.storyboard */,
				4CA52C0B1F469EB1008A2B3C /* Info.plist */,
				4CC993C81F4C0BA100D74E72 /* Core Data */,
				4C43D6E91F4BE41100F907FB /* Frameworks */,
			);
			path = DayRater;
			sourceTree = "<group>";
		};
		4CC993BB1F4C069F00D74E72 /* RatingHistoryTableViewCell */ = {
			isa = PBXGroup;
			children = (
				4CC993BC1F4C06BB00D74E72 /* RatingHistoryTableViewCell.swift */,
				4CC993BD1F4C06BB00D74E72 /* RatingHistoryTableViewCell.xib */,
				4CC993C01F4C09A100D74E72 /* RatingHistoryTableViewCellViewModel.swift */,
			);
			path = RatingHistoryTableViewCell;
			sourceTree = "<group>";
		};
		4CC993C81F4C0BA100D74E72 /* Core Data */ = {
			isa = PBXGroup;
			children = (
				4CC993C91F4C0C3B00D74E72 /* Rating+CoreDataClass.swift */,
				4CC993CA1F4C0C3B00D74E72 /* Rating+CoreDataProperties.swift */,
				4CC993D91F4C147E00D74E72 /* Rating+CoreDataFunctions.swift */,
				4CA52C031F469EB1008A2B3C /* DayRater.xcdatamodeld */,
			);
			path = "Core Data";
			sourceTree = "<group>";
		};
		4CC993DB1F4C16CA00D74E72 /* RatingHistoryViewController */ = {
			isa = PBXGroup;
			children = (
				4C43D6E41F4BDF7700F907FB /* RatingHistoryViewController.swift */,
				4C43D6E61F4BDFFE00F907FB /* RatingHistoryViewControllerViewModel.swift */,
				4CC993BB1F4C069F00D74E72 /* RatingHistoryTableViewCell */,
			);
			path = RatingHistoryViewController;
			sourceTree = "<group>";
		};
/* End PBXGroup section */

/* Begin PBXNativeTarget section */
		4CA52BF81F469EB1008A2B3C /* DayRater */ = {
			isa = PBXNativeTarget;
			buildConfigurationList = 4CA52C0E1F469EB1008A2B3C /* Build configuration list for PBXNativeTarget "DayRater" */;
			buildPhases = (
				4CA52BF51F469EB1008A2B3C /* Sources */,
				4CA52BF61F469EB1008A2B3C /* Frameworks */,
				4CA52BF71F469EB1008A2B3C /* Resources */,
				4C43D6ED1F4BE44100F907FB /* Carthage */,
			);
			buildRules = (
			);
			dependencies = (
			);
			name = DayRater;
			productName = DayRater;
			productReference = 4CA52BF91F469EB1008A2B3C /* DayRater.app */;
			productType = "com.apple.product-type.application";
		};
/* End PBXNativeTarget section */

/* Begin PBXProject section */
		4CA52BF11F469EB1008A2B3C /* Project object */ = {
			isa = PBXProject;
			attributes = {
				LastSwiftUpdateCheck = 0830;
				LastUpgradeCheck = 0900;
				ORGANIZATIONNAME = Michael;
				TargetAttributes = {
					4CA52BF81F469EB1008A2B3C = {
						CreatedOnToolsVersion = 8.3.3;
						LastSwiftMigration = 0900;
						ProvisioningStyle = Automatic;
					};
				};
			};
			buildConfigurationList = 4CA52BF41F469EB1008A2B3C /* Build configuration list for PBXProject "DayRater" */;
			compatibilityVersion = "Xcode 3.2";
			developmentRegion = English;
			hasScannedForEncodings = 0;
			knownRegions = (
				en,
				Base,
			);
			mainGroup = 4CA52BF01F469EB1008A2B3C;
			productRefGroup = 4CA52BFA1F469EB1008A2B3C /* Products */;
			projectDirPath = "";
			projectRoot = "";
			targets = (
				4CA52BF81F469EB1008A2B3C /* DayRater */,
			);
		};
/* End PBXProject section */

/* Begin PBXResourcesBuildPhase section */
		4CA52BF71F469EB1008A2B3C /* Resources */ = {
			isa = PBXResourcesBuildPhase;
			buildActionMask = 2147483647;
			files = (
				4CA52C0A1F469EB1008A2B3C /* LaunchScreen.storyboard in Resources */,
				4CC993BF1F4C06BB00D74E72 /* RatingHistoryTableViewCell.xib in Resources */,
				4CA52C071F469EB1008A2B3C /* Assets.xcassets in Resources */,
				4CA52C021F469EB1008A2B3C /* Main.storyboard in Resources */,
			);
			runOnlyForDeploymentPostprocessing = 0;
		};
/* End PBXResourcesBuildPhase section */

/* Begin PBXShellScriptBuildPhase section */
		4C43D6ED1F4BE44100F907FB /* Carthage */ = {
			isa = PBXShellScriptBuildPhase;
			buildActionMask = 2147483647;
			files = (
			);
			inputPaths = (
				"$(SRCROOT)/Carthage/Build/iOS/Result.framework",
				"$(SRCROOT)/Carthage/Build/iOS/ReactiveSwift.framework",
				"$(SRCROOT)/Carthage/Build/iOS/ReactiveCocoa.framework",
			);
			name = Carthage;
			outputPaths = (
				"$(BUILT_PRODUCTS_DIR)/$(FRAMEWORKS_FOLDER_PATH)/Result.framework",
				"$(BUILT_PRODUCTS_DIR)/$(FRAMEWORKS_FOLDER_PATH)/ReactiveSwift.framework",
				"$(BUILT_PRODUCTS_DIR)/$(FRAMEWORKS_FOLDER_PATH)/ReactiveCocoa.framework",
			);
			runOnlyForDeploymentPostprocessing = 0;
			shellPath = /bin/sh;
			shellScript = "/usr/local/bin/carthage copy-frameworks";
		};
/* End PBXShellScriptBuildPhase section */

/* Begin PBXSourcesBuildPhase section */
		4CA52BF51F469EB1008A2B3C /* Sources */ = {
			isa = PBXSourcesBuildPhase;
			buildActionMask = 2147483647;
			files = (
				4C43D6E71F4BDFFE00F907FB /* RatingHistoryViewControllerViewModel.swift in Sources */,
				4C43D6E31F4BDEBF00F907FB /* CoreDataManager.swift in Sources */,
				4CC993BE1F4C06BB00D74E72 /* RatingHistoryTableViewCell.swift in Sources */,
				4CA52BFD1F469EB1008A2B3C /* AppDelegate.swift in Sources */,
				4CA52C051F469EB1008A2B3C /* DayRater.xcdatamodeld in Sources */,
				4CC993C11F4C09A100D74E72 /* RatingHistoryTableViewCellViewModel.swift in Sources */,
				4CC993CB1F4C0C3B00D74E72 /* Rating+CoreDataClass.swift in Sources */,
				4CC993CC1F4C0C3B00D74E72 /* Rating+CoreDataProperties.swift in Sources */,
				4C43D6E51F4BDF7700F907FB /* RatingHistoryViewController.swift in Sources */,
				4CC993DA1F4C147E00D74E72 /* Rating+CoreDataFunctions.swift in Sources */,
			);
			runOnlyForDeploymentPostprocessing = 0;
		};
/* End PBXSourcesBuildPhase section */

/* Begin PBXVariantGroup section */
		4CA52C001F469EB1008A2B3C /* Main.storyboard */ = {
			isa = PBXVariantGroup;
			children = (
				4CA52C011F469EB1008A2B3C /* Base */,
			);
			name = Main.storyboard;
			sourceTree = "<group>";
		};
		4CA52C081F469EB1008A2B3C /* LaunchScreen.storyboard */ = {
			isa = PBXVariantGroup;
			children = (
				4CA52C091F469EB1008A2B3C /* Base */,
			);
			name = LaunchScreen.storyboard;
			sourceTree = "<group>";
		};
/* End PBXVariantGroup section */

/* Begin XCBuildConfiguration section */
		4CA52C0C1F469EB1008A2B3C /* Debug */ = {
			isa = XCBuildConfiguration;
			buildSettings = {
				ALWAYS_SEARCH_USER_PATHS = NO;
				CLANG_ANALYZER_NONNULL = YES;
				CLANG_ANALYZER_NUMBER_OBJECT_CONVERSION = YES_AGGRESSIVE;
				CLANG_CXX_LANGUAGE_STANDARD = "gnu++0x";
				CLANG_CXX_LIBRARY = "libc++";
				CLANG_ENABLE_MODULES = YES;
				CLANG_ENABLE_OBJC_ARC = YES;
				CLANG_WARN_BLOCK_CAPTURE_AUTORELEASING = YES;
				CLANG_WARN_BOOL_CONVERSION = YES;
				CLANG_WARN_COMMA = YES;
				CLANG_WARN_CONSTANT_CONVERSION = YES;
				CLANG_WARN_DIRECT_OBJC_ISA_USAGE = YES_ERROR;
				CLANG_WARN_DOCUMENTATION_COMMENTS = YES;
				CLANG_WARN_EMPTY_BODY = YES;
				CLANG_WARN_ENUM_CONVERSION = YES;
				CLANG_WARN_INFINITE_RECURSION = YES;
				CLANG_WARN_INT_CONVERSION = YES;
				CLANG_WARN_NON_LITERAL_NULL_CONVERSION = YES;
				CLANG_WARN_OBJC_LITERAL_CONVERSION = YES;
				CLANG_WARN_OBJC_ROOT_CLASS = YES_ERROR;
				CLANG_WARN_RANGE_LOOP_ANALYSIS = YES;
				CLANG_WARN_STRICT_PROTOTYPES = YES;
				CLANG_WARN_SUSPICIOUS_MOVE = YES;
				CLANG_WARN_UNREACHABLE_CODE = YES;
				CLANG_WARN__DUPLICATE_METHOD_MATCH = YES;
				"CODE_SIGN_IDENTITY[sdk=iphoneos*]" = "iPhone Developer";
				COPY_PHASE_STRIP = NO;
				DEBUG_INFORMATION_FORMAT = dwarf;
				ENABLE_STRICT_OBJC_MSGSEND = YES;
				ENABLE_TESTABILITY = YES;
				GCC_C_LANGUAGE_STANDARD = gnu99;
				GCC_DYNAMIC_NO_PIC = NO;
				GCC_NO_COMMON_BLOCKS = YES;
				GCC_OPTIMIZATION_LEVEL = 0;
				GCC_PREPROCESSOR_DEFINITIONS = (
					"DEBUG=1",
					"$(inherited)",
				);
				GCC_WARN_64_TO_32_BIT_CONVERSION = YES;
				GCC_WARN_ABOUT_RETURN_TYPE = YES_ERROR;
				GCC_WARN_UNDECLARED_SELECTOR = YES;
				GCC_WARN_UNINITIALIZED_AUTOS = YES_AGGRESSIVE;
				GCC_WARN_UNUSED_FUNCTION = YES;
				GCC_WARN_UNUSED_VARIABLE = YES;
				IPHONEOS_DEPLOYMENT_TARGET = 11.0;
				MTL_ENABLE_DEBUG_INFO = YES;
				ONLY_ACTIVE_ARCH = YES;
				SDKROOT = iphoneos;
				SWIFT_ACTIVE_COMPILATION_CONDITIONS = DEBUG;
				SWIFT_OPTIMIZATION_LEVEL = "-Onone";
			};
			name = Debug;
		};
		4CA52C0D1F469EB1008A2B3C /* Release */ = {
			isa = XCBuildConfiguration;
			buildSettings = {
				ALWAYS_SEARCH_USER_PATHS = NO;
				CLANG_ANALYZER_NONNULL = YES;
				CLANG_ANALYZER_NUMBER_OBJECT_CONVERSION = YES_AGGRESSIVE;
				CLANG_CXX_LANGUAGE_STANDARD = "gnu++0x";
				CLANG_CXX_LIBRARY = "libc++";
				CLANG_ENABLE_MODULES = YES;
				CLANG_ENABLE_OBJC_ARC = YES;
				CLANG_WARN_BLOCK_CAPTURE_AUTORELEASING = YES;
				CLANG_WARN_BOOL_CONVERSION = YES;
				CLANG_WARN_COMMA = YES;
				CLANG_WARN_CONSTANT_CONVERSION = YES;
				CLANG_WARN_DIRECT_OBJC_ISA_USAGE = YES_ERROR;
				CLANG_WARN_DOCUMENTATION_COMMENTS = YES;
				CLANG_WARN_EMPTY_BODY = YES;
				CLANG_WARN_ENUM_CONVERSION = YES;
				CLANG_WARN_INFINITE_RECURSION = YES;
				CLANG_WARN_INT_CONVERSION = YES;
				CLANG_WARN_NON_LITERAL_NULL_CONVERSION = YES;
				CLANG_WARN_OBJC_LITERAL_CONVERSION = YES;
				CLANG_WARN_OBJC_ROOT_CLASS = YES_ERROR;
				CLANG_WARN_RANGE_LOOP_ANALYSIS = YES;
				CLANG_WARN_STRICT_PROTOTYPES = YES;
				CLANG_WARN_SUSPICIOUS_MOVE = YES;
				CLANG_WARN_UNREACHABLE_CODE = YES;
				CLANG_WARN__DUPLICATE_METHOD_MATCH = YES;
				"CODE_SIGN_IDENTITY[sdk=iphoneos*]" = "iPhone Developer";
				COPY_PHASE_STRIP = NO;
				DEBUG_INFORMATION_FORMAT = "dwarf-with-dsym";
				ENABLE_NS_ASSERTIONS = NO;
				ENABLE_STRICT_OBJC_MSGSEND = YES;
				GCC_C_LANGUAGE_STANDARD = gnu99;
				GCC_NO_COMMON_BLOCKS = YES;
				GCC_WARN_64_TO_32_BIT_CONVERSION = YES;
				GCC_WARN_ABOUT_RETURN_TYPE = YES_ERROR;
				GCC_WARN_UNDECLARED_SELECTOR = YES;
				GCC_WARN_UNINITIALIZED_AUTOS = YES_AGGRESSIVE;
				GCC_WARN_UNUSED_FUNCTION = YES;
				GCC_WARN_UNUSED_VARIABLE = YES;
				IPHONEOS_DEPLOYMENT_TARGET = 11.0;
				MTL_ENABLE_DEBUG_INFO = NO;
				SDKROOT = iphoneos;
				SWIFT_OPTIMIZATION_LEVEL = "-Owholemodule";
				VALIDATE_PRODUCT = YES;
			};
			name = Release;
		};
		4CA52C0F1F469EB1008A2B3C /* Debug */ = {
			isa = XCBuildConfiguration;
			buildSettings = {
				ASSETCATALOG_COMPILER_APPICON_NAME = AppIcon;
				INFOPLIST_FILE = DayRater/Info.plist;
				LD_RUNPATH_SEARCH_PATHS = "$(inherited) @executable_path/Frameworks";
				PRODUCT_BUNDLE_IDENTIFIER = com.Michael.DayRater;
				PRODUCT_NAME = "$(TARGET_NAME)";
				SWIFT_SWIFT3_OBJC_INFERENCE = On;
				SWIFT_VERSION = 4.0;
			};
			name = Debug;
		};
		4CA52C101F469EB1008A2B3C /* Release */ = {
			isa = XCBuildConfiguration;
			buildSettings = {
				ASSETCATALOG_COMPILER_APPICON_NAME = AppIcon;
				INFOPLIST_FILE = DayRater/Info.plist;
				LD_RUNPATH_SEARCH_PATHS = "$(inherited) @executable_path/Frameworks";
				PRODUCT_BUNDLE_IDENTIFIER = com.Michael.DayRater;
				PRODUCT_NAME = "$(TARGET_NAME)";
				SWIFT_SWIFT3_OBJC_INFERENCE = On;
				SWIFT_VERSION = 4.0;
			};
			name = Release;
		};
/* End XCBuildConfiguration section */

/* Begin XCConfigurationList section */
		4CA52BF41F469EB1008A2B3C /* Build configuration list for PBXProject "DayRater" */ = {
			isa = XCConfigurationList;
			buildConfigurations = (
				4CA52C0C1F469EB1008A2B3C /* Debug */,
				4CA52C0D1F469EB1008A2B3C /* Release */,
			);
			defaultConfigurationIsVisible = 0;
			defaultConfigurationName = Release;
		};
		4CA52C0E1F469EB1008A2B3C /* Build configuration list for PBXNativeTarget "DayRater" */ = {
			isa = XCConfigurationList;
			buildConfigurations = (
				4CA52C0F1F469EB1008A2B3C /* Debug */,
				4CA52C101F469EB1008A2B3C /* Release */,
			);
			defaultConfigurationIsVisible = 0;
			defaultConfigurationName = Release;
		};
/* End XCConfigurationList section */

/* Begin XCVersionGroup section */
		4CA52C031F469EB1008A2B3C /* DayRater.xcdatamodeld */ = {
			isa = XCVersionGroup;
			children = (
				4CA52C041F469EB1008A2B3C /* DayRater.xcdatamodel */,
			);
			currentVersion = 4CA52C041F469EB1008A2B3C /* DayRater.xcdatamodel */;
			path = DayRater.xcdatamodeld;
			sourceTree = "<group>";
			versionGroupType = wrapper.xcdatamodel;
		};
/* End XCVersionGroup section */
	};
	rootObject = 4CA52BF11F469EB1008A2B3C /* Project object */;
}
